
Microsoft Visual Studio Solution File, Format Version 12.00
# Visual Studio Version 17
VisualStudioVersion = 17.1.32210.238
MinimumVisualStudioVersion = 10.0.40219.1
Project("{FAE04EC0-301F-11D3-BF4B-00C04F79EFBC}") = "ExercicioProduct", "ExercicioProduct\ExercicioProduct.csproj", "{EEBE7598-D981-4486-99E7-FF0B160D4894}"
EndProject
Global
	GlobalSection(SolutionConfigurationPlatforms) = preSolution
		Debug|Any CPU = Debug|Any CPU
		Release|Any CPU = Release|Any CPU
	EndGlobalSection
	GlobalSection(ProjectConfigurationPlatforms) = postSolution
		{EEBE7598-D981-4486-99E7-FF0B160D4894}.Debug|Any CPU.ActiveCfg = Debug|Any CPU
		{EEBE7598-D981-4486-99E7-FF0B160D4894}.Debug|Any CPU.Build.0 = Debug|Any CPU
		{EEBE7598-D981-4486-99E7-FF0B160D4894}.Release|Any CPU.ActiveCfg = Release|Any CPU
		{EEBE7598-D981-4486-99E7-FF0B160D4894}.Release|Any CPU.Build.0 = Release|Any CPU
	EndGlobalSection
	GlobalSection(SolutionProperties) = preSolution
		HideSolutionNode = FALSE
	EndGlobalSection
	GlobalSection(ExtensibilityGlobals) = postSolution
		SolutionGuid = {F9A1EF4F-1452-4E21-825A-DE3F55139D10}
	EndGlobalSection
EndGlobal
